gitlab.com/jhinrichsen/aococr v0.2.0 h1:tyodm5ZvtdqzYWd4gqrsWrK6Ijt3rshSqDfzb1kU7ts=
gitlab.com/jhinrichsen/aococr v0.2.0/go.mod h1:IFo+L+4BUCoFGvgQ6vZr9qCHADVuhvGW0ydjCm/GnC4=
gitlab.com/jhinrichsen/aococr v0.3.0 h1:0/3xruv4+AXNQ1ZB/BnT9gm+KK1GuR4spMHdIfSZXNY=
gitlab.com/jhinrichsen/aococr v0.3.0/go.mod h1:IFo+L+4BUCoFGvgQ6vZr9qCHADVuhvGW0ydjCm/GnC4=
gitlab.com/jhinrichsen/aococr v0.4.0 h1:Eo9Zp64URtftnKjmea+VGqRRbKCQ043lKl1XnAJaHSM=
gitlab.com/jhinrichsen/aococr v0.4.0/go.mod h1:IFo+L+4BUCoFGvgQ6vZr9qCHADVuhvGW0ydjCm/GnC4=
